// !$*UTF8*$!
{
	archiveVersion = 1;
	classes = {
	};
	objectVersion = 50;
	objects = {

/* Begin PBXBuildFile section */
		0711B1282266B91F0089B29D /* AppDelegate.swift in Sources */ = {isa = PBXBuildFile; fileRef = 0711B1272266B91F0089B29D /* AppDelegate.swift */; };
		0711B12F2266B9210089B29D /* Assets.xcassets in Resources */ = {isa = PBXBuildFile; fileRef = 0711B12E2266B9210089B29D /* Assets.xcassets */; };
		0711B1322266B9210089B29D /* LaunchScreen.storyboard in Resources */ = {isa = PBXBuildFile; fileRef = 0711B1302266B9210089B29D /* LaunchScreen.storyboard */; };
		0711B13F2266BFB80089B29D /* MainViewController.swift in Sources */ = {isa = PBXBuildFile; fileRef = 0711B13D2266BFB80089B29D /* MainViewController.swift */; };
		0711B1402266BFB80089B29D /* MainViewController.xib in Resources */ = {isa = PBXBuildFile; fileRef = 0711B13E2266BFB80089B29D /* MainViewController.xib */; };
		0711B1432266D9A00089B29D /* GothamNarrow-Bold.otf in Resources */ = {isa = PBXBuildFile; fileRef = 0711B1422266D9A00089B29D /* GothamNarrow-Bold.otf */; };
		0711B1452267FFE10089B29D /* User.swift in Sources */ = {isa = PBXBuildFile; fileRef = 0711B1442267FFE10089B29D /* User.swift */; };
		0711B147226813410089B29D /* Photo.swift in Sources */ = {isa = PBXBuildFile; fileRef = 0711B146226813410089B29D /* Photo.swift */; };
		0711B149226867960089B29D /* UIImageViewExtension.swift in Sources */ = {isa = PBXBuildFile; fileRef = 0711B148226867960089B29D /* UIImageViewExtension.swift */; };
		0711B14C226873AC0089B29D /* MainCollectionViewCell.swift in Sources */ = {isa = PBXBuildFile; fileRef = 0711B14A226873AC0089B29D /* MainCollectionViewCell.swift */; };
		0711B14D226873AC0089B29D /* MainCollectionViewCell.xib in Resources */ = {isa = PBXBuildFile; fileRef = 0711B14B226873AC0089B29D /* MainCollectionViewCell.xib */; };
		075530DC226EBA850077FC32 /* Environment.swift in Sources */ = {isa = PBXBuildFile; fileRef = 075530DB226EBA850077FC32 /* Environment.swift */; };
		075530DE226ECA860077FC32 /* Services.swift in Sources */ = {isa = PBXBuildFile; fileRef = 075530DD226ECA860077FC32 /* Services.swift */; };
		075530E0226ED0140077FC32 /* APIRequest.swift in Sources */ = {isa = PBXBuildFile; fileRef = 075530DF226ED0140077FC32 /* APIRequest.swift */; };
		075530E2226EF7ED0077FC32 /* Result.swift in Sources */ = {isa = PBXBuildFile; fileRef = 075530E1226EF7ED0077FC32 /* Result.swift */; };
		075530E4226EFEA40077FC32 /* Dispatcher.swift in Sources */ = {isa = PBXBuildFile; fileRef = 075530E3226EFEA40077FC32 /* Dispatcher.swift */; };
		075530E6226F19780077FC32 /* NetworkModel.swift in Sources */ = {isa = PBXBuildFile; fileRef = 075530E5226F19780077FC32 /* NetworkModel.swift */; };
		ABCBEB46BFB1AD9248DE9B02 /* Pods_UserProfile.framework in Frameworks */ = {isa = PBXBuildFile; fileRef = E8729518DEC3D0EFE5F77F07 /* Pods_UserProfile.framework */; };
/* End PBXBuildFile section */

/* Begin PBXFileReference section */
		0711B1242266B91F0089B29D /* UserProfile.app */ = {isa = PBXFileReference; explicitFileType = wrapper.application; includeInIndex = 0; path = UserProfile.app; sourceTree = BUILT_PRODUCTS_DIR; };
		0711B1272266B91F0089B29D /* AppDelegate.swift */ = {isa = PBXFileReference; lastKnownFileType = sourcecode.swift; path = AppDelegate.swift; sourceTree = "<group>"; };
		0711B12E2266B9210089B29D /* Assets.xcassets */ = {isa = PBXFileReference; lastKnownFileType = folder.assetcatalog; path = Assets.xcassets; sourceTree = "<group>"; };
		0711B1312266B9210089B29D /* Base */ = {isa = PBXFileReference; lastKnownFileType = file.storyboard; name = Base; path = Base.lproj/LaunchScreen.storyboard; sourceTree = "<group>"; };
		0711B1332266B9210089B29D /* Info.plist */ = {isa = PBXFileReference; lastKnownFileType = text.plist.xml; path = Info.plist; sourceTree = "<group>"; };
		0711B13D2266BFB80089B29D /* MainViewController.swift */ = {isa = PBXFileReference; lastKnownFileType = sourcecode.swift; path = MainViewController.swift; sourceTree = "<group>"; };
		0711B13E2266BFB80089B29D /* MainViewController.xib */ = {isa = PBXFileReference; lastKnownFileType = file.xib; path = MainViewController.xib; sourceTree = "<group>"; };
		0711B1422266D9A00089B29D /* GothamNarrow-Bold.otf */ = {isa = PBXFileReference; lastKnownFileType = file; path = "GothamNarrow-Bold.otf"; sourceTree = "<group>"; };
		0711B1442267FFE10089B29D /* User.swift */ = {isa = PBXFileReference; lastKnownFileType = sourcecode.swift; path = User.swift; sourceTree = "<group>"; };
		0711B146226813410089B29D /* Photo.swift */ = {isa = PBXFileReference; lastKnownFileType = sourcecode.swift; path = Photo.swift; sourceTree = "<group>"; };
		0711B148226867960089B29D /* UIImageViewExtension.swift */ = {isa = PBXFileReference; lastKnownFileType = sourcecode.swift; path = UIImageViewExtension.swift; sourceTree = "<group>"; };
		0711B14A226873AC0089B29D /* MainCollectionViewCell.swift */ = {isa = PBXFileReference; lastKnownFileType = sourcecode.swift; path = MainCollectionViewCell.swift; sourceTree = "<group>"; };
		0711B14B226873AC0089B29D /* MainCollectionViewCell.xib */ = {isa = PBXFileReference; lastKnownFileType = file.xib; path = MainCollectionViewCell.xib; sourceTree = "<group>"; };
		075530DB226EBA850077FC32 /* Environment.swift */ = {isa = PBXFileReference; lastKnownFileType = sourcecode.swift; path = Environment.swift; sourceTree = "<group>"; };
		075530DD226ECA860077FC32 /* Services.swift */ = {isa = PBXFileReference; lastKnownFileType = sourcecode.swift; path = Services.swift; sourceTree = "<group>"; };
		075530DF226ED0140077FC32 /* APIRequest.swift */ = {isa = PBXFileReference; lastKnownFileType = sourcecode.swift; path = APIRequest.swift; sourceTree = "<group>"; };
		075530E1226EF7ED0077FC32 /* Result.swift */ = {isa = PBXFileReference; lastKnownFileType = sourcecode.swift; path = Result.swift; sourceTree = "<group>"; };
		075530E3226EFEA40077FC32 /* Dispatcher.swift */ = {isa = PBXFileReference; lastKnownFileType = sourcecode.swift; path = Dispatcher.swift; sourceTree = "<group>"; };
		075530E5226F19780077FC32 /* NetworkModel.swift */ = {isa = PBXFileReference; lastKnownFileType = sourcecode.swift; path = NetworkModel.swift; sourceTree = "<group>"; };
		42AA2B83E6DE515B324030E5 /* Pods-UserProfile.release.xcconfig */ = {isa = PBXFileReference; includeInIndex = 1; lastKnownFileType = text.xcconfig; name = "Pods-UserProfile.release.xcconfig"; path = "Target Support Files/Pods-UserProfile/Pods-UserProfile.release.xcconfig"; sourceTree = "<group>"; };
		95AF769E653BAEEAC26425B6 /* Pods-UserProfile.debug.xcconfig */ = {isa = PBXFileReference; includeInIndex = 1; lastKnownFileType = text.xcconfig; name = "Pods-UserProfile.debug.xcconfig"; path = "Target Support Files/Pods-UserProfile/Pods-UserProfile.debug.xcconfig"; sourceTree = "<group>"; };
		E8729518DEC3D0EFE5F77F07 /* Pods_UserProfile.framework */ = {isa = PBXFileReference; explicitFileType = wrapper.framework; includeInIndex = 0; path = Pods_UserProfile.framework; sourceTree = BUILT_PRODUCTS_DIR; };
/* End PBXFileReference section */

/* Begin PBXFrameworksBuildPhase section */
		0711B1212266B91F0089B29D /* Frameworks */ = {
			isa = PBXFrameworksBuildPhase;
			buildActionMask = 2147483647;
			files = (
				ABCBEB46BFB1AD9248DE9B02 /* Pods_UserProfile.framework in Frameworks */,
			);
			runOnlyForDeploymentPostprocessing = 0;
		};
/* End PBXFrameworksBuildPhase section */

/* Begin PBXGroup section */
		0711B11B2266B91F0089B29D = {
			isa = PBXGroup;
			children = (
				0711B1262266B91F0089B29D /* UserProfile */,
				0711B1252266B91F0089B29D /* Products */,
				D3B637028ED421AB5D92D71B /* Pods */,
				68A8C83BFACF3E97B3F7A442 /* Frameworks */,
			);
			sourceTree = "<group>";
		};
		0711B1252266B91F0089B29D /* Products */ = {
			isa = PBXGroup;
			children = (
				0711B1242266B91F0089B29D /* UserProfile.app */,
			);
			name = Products;
			sourceTree = "<group>";
		};
		0711B1262266B91F0089B29D /* UserProfile */ = {
			isa = PBXGroup;
			children = (
				0711B1412266D98C0089B29D /* Fonts */,
				0711B1422266D9A00089B29D /* GothamNarrow-Bold.otf */,
				0711B13C2266BA2D0089B29D /* Resourses */,
				0711B13B2266B9E80089B29D /* Support Files */,
				0711B13A2266B9DC0089B29D /* ViewControllers */,
				0711B1392266B9CE0089B29D /* Model */,
				0711B1272266B91F0089B29D /* AppDelegate.swift */,
				0711B148226867960089B29D /* UIImageViewExtension.swift */,
			);
			path = UserProfile;
			sourceTree = "<group>";
		};
		0711B1392266B9CE0089B29D /* Model */ = {
			isa = PBXGroup;
			children = (
				075530CF226C25A30077FC32 /* Networking */,
				0711B1442267FFE10089B29D /* User.swift */,
				0711B146226813410089B29D /* Photo.swift */,
				075530E5226F19780077FC32 /* NetworkModel.swift */,
			);
			path = Model;
			sourceTree = "<group>";
		};
		0711B13A2266B9DC0089B29D /* ViewControllers */ = {
			isa = PBXGroup;
			children = (
				0711B13D2266BFB80089B29D /* MainViewController.swift */,
				0711B13E2266BFB80089B29D /* MainViewController.xib */,
				0711B14A226873AC0089B29D /* MainCollectionViewCell.swift */,
				0711B14B226873AC0089B29D /* MainCollectionViewCell.xib */,
			);
			path = ViewControllers;
			sourceTree = "<group>";
		};
		0711B13B2266B9E80089B29D /* Support Files */ = {
			isa = PBXGroup;
			children = (
				0711B1302266B9210089B29D /* LaunchScreen.storyboard */,
				0711B1332266B9210089B29D /* Info.plist */,
			);
			path = "Support Files";
			sourceTree = "<group>";
		};
		0711B13C2266BA2D0089B29D /* Resourses */ = {
			isa = PBXGroup;
			children = (
				0711B12E2266B9210089B29D /* Assets.xcassets */,
			);
			path = Resourses;
			sourceTree = "<group>";
		};
		0711B1412266D98C0089B29D /* Fonts */ = {
			isa = PBXGroup;
			children = (
			);
			path = Fonts;
			sourceTree = "<group>";
		};
		075530CF226C25A30077FC32 /* Networking */ = {
			isa = PBXGroup;
			children = (
				075530DB226EBA850077FC32 /* Environment.swift */,
				075530DD226ECA860077FC32 /* Services.swift */,
				075530DF226ED0140077FC32 /* APIRequest.swift */,
				075530E1226EF7ED0077FC32 /* Result.swift */,
				075530E3226EFEA40077FC32 /* Dispatcher.swift */,
			);
			path = Networking;
			sourceTree = "<group>";
		};
		68A8C83BFACF3E97B3F7A442 /* Frameworks */ = {
			isa = PBXGroup;
			children = (
				E8729518DEC3D0EFE5F77F07 /* Pods_UserProfile.framework */,
			);
			name = Frameworks;
			sourceTree = "<group>";
		};
		D3B637028ED421AB5D92D71B /* Pods */ = {
			isa = PBXGroup;
			children = (
				95AF769E653BAEEAC26425B6 /* Pods-UserProfile.debug.xcconfig */,
				42AA2B83E6DE515B324030E5 /* Pods-UserProfile.release.xcconfig */,
			);
			path = Pods;
			sourceTree = "<group>";
		};
/* End PBXGroup section */

/* Begin PBXNativeTarget section */
		0711B1232266B91F0089B29D /* UserProfile */ = {
			isa = PBXNativeTarget;
			buildConfigurationList = 0711B1362266B9210089B29D /* Build configuration list for PBXNativeTarget "UserProfile" */;
			buildPhases = (
				D820692C76F42CE7BFC7BFD3 /* [CP] Check Pods Manifest.lock */,
				0711B1202266B91F0089B29D /* Sources */,
				0711B1212266B91F0089B29D /* Frameworks */,
				0711B1222266B91F0089B29D /* Resources */,
				372DDF6066E7FC79049340E6 /* [CP] Embed Pods Frameworks */,
			);
			buildRules = (
			);
			dependencies = (
			);
			name = UserProfile;
			productName = UserProfile;
			productReference = 0711B1242266B91F0089B29D /* UserProfile.app */;
			productType = "com.apple.product-type.application";
		};
/* End PBXNativeTarget section */

/* Begin PBXProject section */
		0711B11C2266B91F0089B29D /* Project object */ = {
			isa = PBXProject;
			attributes = {
				LastSwiftUpdateCheck = 1000;
				LastUpgradeCheck = 1000;
				ORGANIZATIONNAME = "Le Tuyen";
				TargetAttributes = {
					0711B1232266B91F0089B29D = {
						CreatedOnToolsVersion = 10.0;
					};
				};
			};
			buildConfigurationList = 0711B11F2266B91F0089B29D /* Build configuration list for PBXProject "UserProfile" */;
			compatibilityVersion = "Xcode 9.3";
			developmentRegion = en;
			hasScannedForEncodings = 0;
			knownRegions = (
				en,
				Base,
			);
			mainGroup = 0711B11B2266B91F0089B29D;
			productRefGroup = 0711B1252266B91F0089B29D /* Products */;
			projectDirPath = "";
			projectRoot = "";
			targets = (
				0711B1232266B91F0089B29D /* UserProfile */,
			);
		};
/* End PBXProject section */

/* Begin PBXResourcesBuildPhase section */
		0711B1222266B91F0089B29D /* Resources */ = {
			isa = PBXResourcesBuildPhase;
			buildActionMask = 2147483647;
			files = (
				0711B1322266B9210089B29D /* LaunchScreen.storyboard in Resources */,
				0711B1402266BFB80089B29D /* MainViewController.xib in Resources */,
				0711B12F2266B9210089B29D /* Assets.xcassets in Resources */,
				0711B14D226873AC0089B29D /* MainCollectionViewCell.xib in Resources */,
				0711B1432266D9A00089B29D /* GothamNarrow-Bold.otf in Resources */,
			);
			runOnlyForDeploymentPostprocessing = 0;
		};
/* End PBXResourcesBuildPhase section */

/* Begin PBXShellScriptBuildPhase section */
		372DDF6066E7FC79049340E6 /* [CP] Embed Pods Frameworks */ = {
			isa = PBXShellScriptBuildPhase;
			buildActionMask = 2147483647;
			files = (
			);
			inputFileListPaths = (
			);
			inputPaths = (
				"${PODS_ROOT}/Target Support Files/Pods-UserProfile/Pods-UserProfile-frameworks.sh",
				"${BUILT_PRODUCTS_DIR}/AFNetworking/AFNetworking.framework",
				"${BUILT_PRODUCTS_DIR}/Kingfisher/Kingfisher.framework",
				"${BUILT_PRODUCTS_DIR}/ObjectMapper/ObjectMapper.framework",
				"${BUILT_PRODUCTS_DIR}/Realm/Realm.framework",
				"${BUILT_PRODUCTS_DIR}/RealmSwift/RealmSwift.framework",
				"${BUILT_PRODUCTS_DIR}/SVProgressHUD/SVProgressHUD.framework",
			);
			name = "[CP] Embed Pods Frameworks";
			outputFileListPaths = (
			);
			outputPaths = (
				"${TARGET_BUILD_DIR}/${FRAMEWORKS_FOLDER_PATH}/AFNetworking.framework",
				"${TARGET_BUILD_DIR}/${FRAMEWORKS_FOLDER_PATH}/Kingfisher.framework",
				"${TARGET_BUILD_DIR}/${FRAMEWORKS_FOLDER_PATH}/ObjectMapper.framework",
				"${TARGET_BUILD_DIR}/${FRAMEWORKS_FOLDER_PATH}/Realm.framework",
				"${TARGET_BUILD_DIR}/${FRAMEWORKS_FOLDER_PATH}/RealmSwift.framework",
				"${TARGET_BUILD_DIR}/${FRAMEWORKS_FOLDER_PATH}/SVProgressHUD.framework",
			);
			runOnlyForDeploymentPostprocessing = 0;
			shellPath = /bin/sh;
			shellScript = "\"${PODS_ROOT}/Target Support Files/Pods-UserProfile/Pods-UserProfile-frameworks.sh\"\n";
			showEnvVarsInLog = 0;
		};
		D820692C76F42CE7BFC7BFD3 /* [CP] Check Pods Manifest.lock */ = {
			isa = PBXShellScriptBuildPhase;
			buildActionMask = 2147483647;
			files = (
			);
			inputFileListPaths = (
			);
			inputPaths = (
				"${PODS_PODFILE_DIR_PATH}/Podfile.lock",
				"${PODS_ROOT}/Manifest.lock",
			);
			name = "[CP] Check Pods Manifest.lock";
			outputFileListPaths = (
			);
			outputPaths = (
				"$(DERIVED_FILE_DIR)/Pods-UserProfile-checkManifestLockResult.txt",
			);
			runOnlyForDeploymentPostprocessing = 0;
			shellPath = /bin/sh;
			shellScript = "diff \"${PODS_PODFILE_DIR_PATH}/Podfile.lock\" \"${PODS_ROOT}/Manifest.lock\" > /dev/null\nif [ $? != 0 ] ; then\n    # print error to STDERR\n    echo \"error: The sandbox is not in sync with the Podfile.lock. Run 'pod install' or update your CocoaPods installation.\" >&2\n    exit 1\nfi\n# This output is used by Xcode 'outputs' to avoid re-running this script phase.\necho \"SUCCESS\" > \"${SCRIPT_OUTPUT_FILE_0}\"\n";
			showEnvVarsInLog = 0;
		};
/* End PBXShellScriptBuildPhase section */

/* Begin PBXSourcesBuildPhase section */
		0711B1202266B91F0089B29D /* Sources */ = {
			isa = PBXSourcesBuildPhase;
			buildActionMask = 2147483647;
			files = (
				075530E6226F19780077FC32 /* NetworkModel.swift in Sources */,
				0711B149226867960089B29D /* UIImageViewExtension.swift in Sources */,
				0711B14C226873AC0089B29D /* MainCollectionViewCell.swift in Sources */,
				0711B147226813410089B29D /* Photo.swift in Sources */,
				075530DC226EBA850077FC32 /* Environment.swift in Sources */,
				0711B1282266B91F0089B29D /* AppDelegate.swift in Sources */,
				075530E0226ED0140077FC32 /* APIRequest.swift in Sources */,
				075530E2226EF7ED0077FC32 /* Result.swift in Sources */,
				075530E4226EFEA40077FC32 /* Dispatcher.swift in Sources */,
				075530DE226ECA860077FC32 /* Services.swift in Sources */,
				0711B13F2266BFB80089B29D /* MainViewController.swift in Sources */,
				0711B1452267FFE10089B29D /* User.swift in Sources */,
			);
			runOnlyForDeploymentPostprocessing = 0;
		};
/* End PBXSourcesBuildPhase section */

/* Begin PBXVariantGroup section */
		0711B1302266B9210089B29D /* LaunchScreen.storyboard */ = {
			isa = PBXVariantGroup;
			children = (
				0711B1312266B9210089B29D /* Base */,
			);
			name = LaunchScreen.storyboard;
			sourceTree = "<group>";
		};
/* End PBXVariantGroup section */

/* Begin XCBuildConfiguration section */
		0711B1342266B9210089B29D /* Debug */ = {
			isa = XCBuildConfiguration;
			buildSettings = {
				ALWAYS_SEARCH_USER_PATHS = NO;
				CLANG_ANALYZER_NONNULL = YES;
				CLANG_ANALYZER_NUMBER_OBJECT_CONVERSION = YES_AGGRESSIVE;
				CLANG_CXX_LANGUAGE_STANDARD = "gnu++14";
				CLANG_CXX_LIBRARY = "libc++";
				CLANG_ENABLE_MODULES = YES;
				CLANG_ENABLE_OBJC_ARC = YES;
				CLANG_ENABLE_OBJC_WEAK = YES;
				CLANG_WARN_BLOCK_CAPTURE_AUTORELEASING = YES;
				CLANG_WARN_BOOL_CONVERSION = YES;
				CLANG_WARN_COMMA = YES;
				CLANG_WARN_CONSTANT_CONVERSION = YES;
				CLANG_WARN_DEPRECATED_OBJC_IMPLEMENTATIONS = YES;
				CLANG_WARN_DIRECT_OBJC_ISA_USAGE = YES_ERROR;
				CLANG_WARN_DOCUMENTATION_COMMENTS = YES;
				CLANG_WARN_EMPTY_BODY = YES;
				CLANG_WARN_ENUM_CONVERSION = YES;
				CLANG_WARN_INFINITE_RECURSION = YES;
				CLANG_WARN_INT_CONVERSION = YES;
				CLANG_WARN_NON_LITERAL_NULL_CONVERSION = YES;
				CLANG_WARN_OBJC_IMPLICIT_RETAIN_SELF = YES;
				CLANG_WARN_OBJC_LITERAL_CONVERSION = YES;
				CLANG_WARN_OBJC_ROOT_CLASS = YES_ERROR;
				CLANG_WARN_RANGE_LOOP_ANALYSIS = YES;
				CLANG_WARN_STRICT_PROTOTYPES = YES;
				CLANG_WARN_SUSPICIOUS_MOVE = YES;
				CLANG_WARN_UNGUARDED_AVAILABILITY = YES_AGGRESSIVE;
				CLANG_WARN_UNREACHABLE_CODE = YES;
				CLANG_WARN__DUPLICATE_METHOD_MATCH = YES;
				CODE_SIGN_IDENTITY = "iPhone Developer";
				COPY_PHASE_STRIP = NO;
				DEBUG_INFORMATION_FORMAT = dwarf;
				ENABLE_STRICT_OBJC_MSGSEND = YES;
				ENABLE_TESTABILITY = YES;
				GCC_C_LANGUAGE_STANDARD = gnu11;
				GCC_DYNAMIC_NO_PIC = NO;
				GCC_NO_COMMON_BLOCKS = YES;
				GCC_OPTIMIZATION_LEVEL = 0;
				GCC_PREPROCESSOR_DEFINITIONS = (
					"DEBUG=1",
					"$(inherited)",
				);
				GCC_WARN_64_TO_32_BIT_CONVERSION = YES;
				GCC_WARN_ABOUT_RETURN_TYPE = YES_ERROR;
				GCC_WARN_UNDECLARED_SELECTOR = YES;
				GCC_WARN_UNINITIALIZED_AUTOS = YES_AGGRESSIVE;
				GCC_WARN_UNUSED_FUNCTION = YES;
				GCC_WARN_UNUSED_VARIABLE = YES;
				IPHONEOS_DEPLOYMENT_TARGET = 12.0;
				MTL_ENABLE_DEBUG_INFO = INCLUDE_SOURCE;
				MTL_FAST_MATH = YES;
				ONLY_ACTIVE_ARCH = YES;
				SDKROOT = iphoneos;
				SWIFT_ACTIVE_COMPILATION_CONDITIONS = DEBUG;
				SWIFT_OPTIMIZATION_LEVEL = "-Onone";
			};
			name = Debug;
		};
		0711B1352266B9210089B29D /* Release */ = {
			isa = XCBuildConfiguration;
			buildSettings = {
				ALWAYS_SEARCH_USER_PATHS = NO;
				CLANG_ANALYZER_NONNULL = YES;
				CLANG_ANALYZER_NUMBER_OBJECT_CONVERSION = YES_AGGRESSIVE;
				CLANG_CXX_LANGUAGE_STANDARD = "gnu++14";
				CLANG_CXX_LIBRARY = "libc++";
				CLANG_ENABLE_MODULES = YES;
				CLANG_ENABLE_OBJC_ARC = YES;
				CLANG_ENABLE_OBJC_WEAK = YES;
				CLANG_WARN_BLOCK_CAPTURE_AUTORELEASING = YES;
				CLANG_WARN_BOOL_CONVERSION = YES;
				CLANG_WARN_COMMA = YES;
				CLANG_WARN_CONSTANT_CONVERSION = YES;
				CLANG_WARN_DEPRECATED_OBJC_IMPLEMENTATIONS = YES;
				CLANG_WARN_DIRECT_OBJC_ISA_USAGE = YES_ERROR;
				CLANG_WARN_DOCUMENTATION_COMMENTS = YES;
				CLANG_WARN_EMPTY_BODY = YES;
				CLANG_WARN_ENUM_CONVERSION = YES;
				CLANG_WARN_INFINITE_RECURSION = YES;
				CLANG_WARN_INT_CONVERSION = YES;
				CLANG_WARN_NON_LITERAL_NULL_CONVERSION = YES;
				CLANG_WARN_OBJC_IMPLICIT_RETAIN_SELF = YES;
				CLANG_WARN_OBJC_LITERAL_CONVERSION = YES;
				CLANG_WARN_OBJC_ROOT_CLASS = YES_ERROR;
				CLANG_WARN_RANGE_LOOP_ANALYSIS = YES;
				CLANG_WARN_STRICT_PROTOTYPES = YES;
				CLANG_WARN_SUSPICIOUS_MOVE = YES;
				CLANG_WARN_UNGUARDED_AVAILABILITY = YES_AGGRESSIVE;
				CLANG_WARN_UNREACHABLE_CODE = YES;
				CLANG_WARN__DUPLICATE_METHOD_MATCH = YES;
				CODE_SIGN_IDENTITY = "iPhone Developer";
				COPY_PHASE_STRIP = NO;
				DEBUG_INFORMATION_FORMAT = "dwarf-with-dsym";
				ENABLE_NS_ASSERTIONS = NO;
				ENABLE_STRICT_OBJC_MSGSEND = YES;
				GCC_C_LANGUAGE_STANDARD = gnu11;
				GCC_NO_COMMON_BLOCKS = YES;
				GCC_WARN_64_TO_32_BIT_CONVERSION = YES;
				GCC_WARN_ABOUT_RETURN_TYPE = YES_ERROR;
				GCC_WARN_UNDECLARED_SELECTOR = YES;
				GCC_WARN_UNINITIALIZED_AUTOS = YES_AGGRESSIVE;
				GCC_WARN_UNUSED_FUNCTION = YES;
				GCC_WARN_UNUSED_VARIABLE = YES;
				IPHONEOS_DEPLOYMENT_TARGET = 12.0;
				MTL_ENABLE_DEBUG_INFO = NO;
				MTL_FAST_MATH = YES;
				SDKROOT = iphoneos;
				SWIFT_COMPILATION_MODE = wholemodule;
				SWIFT_OPTIMIZATION_LEVEL = "-O";
				VALIDATE_PRODUCT = YES;
			};
			name = Release;
		};
		0711B1372266B9210089B29D /* Debug */ = {
			isa = XCBuildConfiguration;
			baseConfigurationReference = 95AF769E653BAEEAC26425B6 /* Pods-UserProfile.debug.xcconfig */;
			buildSettings = {
				ASSETCATALOG_COMPILER_APPICON_NAME = AppIcon;
				CODE_SIGN_STYLE = Automatic;
				DEVELOPMENT_TEAM = Q3D8SV774Q;
				INFOPLIST_FILE = "$(SRCROOT)/UserProfile/Support Files/Info.plist";
				LD_RUNPATH_SEARCH_PATHS = (
					"$(inherited)",
					"@executable_path/Frameworks",
				);
				PRODUCT_BUNDLE_IDENTIFIER = com.tuyen.UserProfile;
				PRODUCT_NAME = "$(TARGET_NAME)";
				SWIFT_VERSION = 4.2;
				TARGETED_DEVICE_FAMILY = "1,2";
			};
			name = Debug;
		};
		0711B1382266B9210089B29D /* Release */ = {
			isa = XCBuildConfiguration;
			baseConfigurationReference = 42AA2B83E6DE515B324030E5 /* Pods-UserProfile.release.xcconfig */;
			buildSettings = {
				ASSETCATALOG_COMPILER_APPICON_NAME = AppIcon;
				CODE_SIGN_STYLE = Automatic;
				DEVELOPMENT_TEAM = Q3D8SV774Q;
				INFOPLIST_FILE = "$(SRCROOT)/UserProfile/Support Files/Info.plist";
				LD_RUNPATH_SEARCH_PATHS = (
					"$(inherited)",
					"@executable_path/Frameworks",
				);
				PRODUCT_BUNDLE_IDENTIFIER = com.tuyen.UserProfile;
				PRODUCT_NAME = "$(TARGET_NAME)";
				SWIFT_VERSION = 4.2;
				TARGETED_DEVICE_FAMILY = "1,2";
			};
			name = Release;
		};
/* End XCBuildConfiguration section */

/* Begin XCConfigurationList section */
		0711B11F2266B91F0089B29D /* Build configuration list for PBXProject "UserProfile" */ = {
			isa = XCConfigurationList;
			buildConfigurations = (
				0711B1342266B9210089B29D /* Debug */,
				0711B1352266B9210089B29D /* Release */,
			);
			defaultConfigurationIsVisible = 0;
			defaultConfigurationName = Release;
		};
		0711B1362266B9210089B29D /* Build configuration list for PBXNativeTarget "UserProfile" */ = {
			isa = XCConfigurationList;
			buildConfigurations = (
				0711B1372266B9210089B29D /* Debug */,
				0711B1382266B9210089B29D /* Release */,
			);
			defaultConfigurationIsVisible = 0;
			defaultConfigurationName = Release;
		};
/* End XCConfigurationList section */
	};
	rootObject = 0711B11C2266B91F0089B29D /* Project object */;
}
